// !$*UTF8*$!
{
	archiveVersion = 1;
	classes = {
	};
	objectVersion = 50;
	objects = {

/* Begin PBXBuildFile section */
		91CE24D9240E2EE40014DA5F /* AppDelegate.swift in Sources */ = {isa = PBXBuildFile; fileRef = 91CE24D8240E2EE40014DA5F /* AppDelegate.swift */; };
		91CE24DB240E2EE40014DA5F /* SceneDelegate.swift in Sources */ = {isa = PBXBuildFile; fileRef = 91CE24DA240E2EE40014DA5F /* SceneDelegate.swift */; };
		91CE24DD240E2EE40014DA5F /* ViewController.swift in Sources */ = {isa = PBXBuildFile; fileRef = 91CE24DC240E2EE40014DA5F /* ViewController.swift */; };
		91CE24E0240E2EE40014DA5F /* Main.storyboard in Resources */ = {isa = PBXBuildFile; fileRef = 91CE24DE240E2EE40014DA5F /* Main.storyboard */; };
		91CE24E2240E2EE50014DA5F /* Assets.xcassets in Resources */ = {isa = PBXBuildFile; fileRef = 91CE24E1240E2EE50014DA5F /* Assets.xcassets */; };
		91CE24E5240E2EE50014DA5F /* LaunchScreen.storyboard in Resources */ = {isa = PBXBuildFile; fileRef = 91CE24E3240E2EE50014DA5F /* LaunchScreen.storyboard */; };
		91CE24F0240E2EE60014DA5F /* DashboardTests.swift in Sources */ = {isa = PBXBuildFile; fileRef = 91CE24EF240E2EE60014DA5F /* DashboardTests.swift */; };
/* End PBXBuildFile section */

/* Begin PBXContainerItemProxy section */
		91CE24EC240E2EE60014DA5F /* PBXContainerItemProxy */ = {
			isa = PBXContainerItemProxy;
			containerPortal = 91CE24CD240E2EE40014DA5F /* Project object */;
			proxyType = 1;
			remoteGlobalIDString = 91CE24D4240E2EE40014DA5F;
			remoteInfo = Dashboard;
		};
/* End PBXContainerItemProxy section */

/* Begin PBXFileReference section */
		91CE24D5240E2EE40014DA5F /* Dashboard.app */ = {isa = PBXFileReference; explicitFileType = wrapper.application; includeInIndex = 0; path = Dashboard.app; sourceTree = BUILT_PRODUCTS_DIR; };
		91CE24D8240E2EE40014DA5F /* AppDelegate.swift */ = {isa = PBXFileReference; lastKnownFileType = sourcecode.swift; path = AppDelegate.swift; sourceTree = "<group>"; };
		91CE24DA240E2EE40014DA5F /* SceneDelegate.swift */ = {isa = PBXFileReference; lastKnownFileType = sourcecode.swift; path = SceneDelegate.swift; sourceTree = "<group>"; };
		91CE24DC240E2EE40014DA5F /* ViewController.swift */ = {isa = PBXFileReference; lastKnownFileType = sourcecode.swift; path = ViewController.swift; sourceTree = "<group>"; };
		91CE24DF240E2EE40014DA5F /* Base */ = {isa = PBXFileReference; lastKnownFileType = file.storyboard; name = Base; path = Base.lproj/Main.storyboard; sourceTree = "<group>"; };
		91CE24E1240E2EE50014DA5F /* Assets.xcassets */ = {isa = PBXFileReference; lastKnownFileType = folder.assetcatalog; path = Assets.xcassets; sourceTree = "<group>"; };
		91CE24E4240E2EE50014DA5F /* Base */ = {isa = PBXFileReference; lastKnownFileType = file.storyboard; name = Base; path = Base.lproj/LaunchScreen.storyboard; sourceTree = "<group>"; };
		91CE24E6240E2EE50014DA5F /* Info.plist */ = {isa = PBXFileReference; lastKnownFileType = text.plist.xml; path = Info.plist; sourceTree = "<group>"; };
		91CE24EB240E2EE60014DA5F /* DashboardTests.xctest */ = {isa = PBXFileReference; explicitFileType = wrapper.cfbundle; includeInIndex = 0; path = DashboardTests.xctest; sourceTree = BUILT_PRODUCTS_DIR; };
		91CE24EF240E2EE60014DA5F /* DashboardTests.swift */ = {isa = PBXFileReference; lastKnownFileType = sourcecode.swift; path = DashboardTests.swift; sourceTree = "<group>"; };
		91CE24F1240E2EE60014DA5F /* Info.plist */ = {isa = PBXFileReference; lastKnownFileType = text.plist.xml; path = Info.plist; sourceTree = "<group>"; };
/* End PBXFileReference section */

/* Begin PBXFrameworksBuildPhase section */
		91CE24D2240E2EE40014DA5F /* Frameworks */ = {
			isa = PBXFrameworksBuildPhase;
			buildActionMask = 2147483647;
			files = (
			);
			runOnlyForDeploymentPostprocessing = 0;
		};
		91CE24E8240E2EE60014DA5F /* Frameworks */ = {
			isa = PBXFrameworksBuildPhase;
			buildActionMask = 2147483647;
			files = (
			);
			runOnlyForDeploymentPostprocessing = 0;
		};
/* End PBXFrameworksBuildPhase section */

/* Begin PBXGroup section */
		91CE24CC240E2EE40014DA5F = {
			isa = PBXGroup;
			children = (
				91CE24D7240E2EE40014DA5F /* Dashboard */,
				91CE24EE240E2EE60014DA5F /* DashboardTests */,
				91CE24D6240E2EE40014DA5F /* Products */,
			);
			sourceTree = "<group>";
		};
		91CE24D6240E2EE40014DA5F /* Products */ = {
			isa = PBXGroup;
			children = (
				91CE24D5240E2EE40014DA5F /* Dashboard.app */,
				91CE24EB240E2EE60014DA5F /* DashboardTests.xctest */,
			);
			name = Products;
			sourceTree = "<group>";
		};
		91CE24D7240E2EE40014DA5F /* Dashboard */ = {
			isa = PBXGroup;
			children = (
				91CE24D8240E2EE40014DA5F /* AppDelegate.swift */,
				91CE24DA240E2EE40014DA5F /* SceneDelegate.swift */,
				91CE24DC240E2EE40014DA5F /* ViewController.swift */,
				91CE24DE240E2EE40014DA5F /* Main.storyboard */,
				91CE24E1240E2EE50014DA5F /* Assets.xcassets */,
				91CE24E3240E2EE50014DA5F /* LaunchScreen.storyboard */,
				91CE24E6240E2EE50014DA5F /* Info.plist */,
			);
			path = Dashboard;
			sourceTree = "<group>";
		};
		91CE24EE240E2EE60014DA5F /* DashboardTests */ = {
			isa = PBXGroup;
			children = (
				91CE24EF240E2EE60014DA5F /* DashboardTests.swift */,
				91CE24F1240E2EE60014DA5F /* Info.plist */,
			);
			path = DashboardTests;
			sourceTree = "<group>";
		};
/* End PBXGroup section */

/* Begin PBXNativeTarget section */
		91CE24D4240E2EE40014DA5F /* Dashboard */ = {
			isa = PBXNativeTarget;
			buildConfigurationList = 91CE24F4240E2EE60014DA5F /* Build configuration list for PBXNativeTarget "Dashboard" */;
			buildPhases = (
				91CE24D1240E2EE40014DA5F /* Sources */,
				91CE24D2240E2EE40014DA5F /* Frameworks */,
				91CE24D3240E2EE40014DA5F /* Resources */,
			);
			buildRules = (
			);
			dependencies = (
			);
			name = Dashboard;
			productName = Dashboard;
			productReference = 91CE24D5240E2EE40014DA5F /* Dashboard.app */;
			productType = "com.apple.product-type.application";
		};
		91CE24EA240E2EE60014DA5F /* DashboardTests */ = {
			isa = PBXNativeTarget;
			buildConfigurationList = 91CE24F7240E2EE60014DA5F /* Build configuration list for PBXNativeTarget "DashboardTests" */;
			buildPhases = (
				91CE24E7240E2EE60014DA5F /* Sources */,
				91CE24E8240E2EE60014DA5F /* Frameworks */,
				91CE24E9240E2EE60014DA5F /* Resources */,
			);
			buildRules = (
			);
			dependencies = (
				91CE24ED240E2EE60014DA5F /* PBXTargetDependency */,
			);
			name = DashboardTests;
			productName = DashboardTests;
			productReference = 91CE24EB240E2EE60014DA5F /* DashboardTests.xctest */;
			productType = "com.apple.product-type.bundle.unit-test";
		};
/* End PBXNativeTarget section */

/* Begin PBXProject section */
		91CE24CD240E2EE40014DA5F /* Project object */ = {
			isa = PBXProject;
			attributes = {
				LastSwiftUpdateCheck = 1120;
				LastUpgradeCheck = 1120;
				ORGANIZATIONNAME = "Jacky Li";
				TargetAttributes = {
					91CE24D4240E2EE40014DA5F = {
						CreatedOnToolsVersion = 11.2.1;
					};
					91CE24EA240E2EE60014DA5F = {
						CreatedOnToolsVersion = 11.2.1;
						TestTargetID = 91CE24D4240E2EE40014DA5F;
					};
				};
			};
			buildConfigurationList = 91CE24D0240E2EE40014DA5F /* Build configuration list for PBXProject "Dashboard" */;
			compatibilityVersion = "Xcode 9.3";
			developmentRegion = en;
			hasScannedForEncodings = 0;
			knownRegions = (
				en,
				Base,
			);
			mainGroup = 91CE24CC240E2EE40014DA5F;
			productRefGroup = 91CE24D6240E2EE40014DA5F /* Products */;
			projectDirPath = "";
			projectRoot = "";
			targets = (
				91CE24D4240E2EE40014DA5F /* Dashboard */,
				91CE24EA240E2EE60014DA5F /* DashboardTests */,
			);
		};
/* End PBXProject section */

/* Begin PBXResourcesBuildPhase section */
		91CE24D3240E2EE40014DA5F /* Resources */ = {
			isa = PBXResourcesBuildPhase;
			buildActionMask = 2147483647;
			files = (
				91CE24E5240E2EE50014DA5F /* LaunchScreen.storyboard in Resources */,
				91CE24E2240E2EE50014DA5F /* Assets.xcassets in Resources */,
				91CE24E0240E2EE40014DA5F /* Main.storyboard in Resources */,
			);
			runOnlyForDeploymentPostprocessing = 0;
		};
		91CE24E9240E2EE60014DA5F /* Resources */ = {
			isa = PBXResourcesBuildPhase;
			buildActionMask = 2147483647;
			files = (
			);
			runOnlyForDeploymentPostprocessing = 0;
		};
/* End PBXResourcesBuildPhase section */

/* Begin PBXSourcesBuildPhase section */
		91CE24D1240E2EE40014DA5F /* Sources */ = {
			isa = PBXSourcesBuildPhase;
			buildActionMask = 2147483647;
			files = (
				91CE24DD240E2EE40014DA5F /* ViewController.swift in Sources */,
				91CE24D9240E2EE40014DA5F /* AppDelegate.swift in Sources */,
				91CE24DB240E2EE40014DA5F /* SceneDelegate.swift in Sources */,
			);
			runOnlyForDeploymentPostprocessing = 0;
		};
		91CE24E7240E2EE60014DA5F /* Sources */ = {
			isa = PBXSourcesBuildPhase;
			buildActionMask = 2147483647;
			files = (
				91CE24F0240E2EE60014DA5F /* DashboardTests.swift in Sources */,
			);
			runOnlyForDeploymentPostprocessing = 0;
		};
/* End PBXSourcesBuildPhase section */

/* Begin PBXTargetDependency section */
		91CE24ED240E2EE60014DA5F /* PBXTargetDependency */ = {
			isa = PBXTargetDependency;
			target = 91CE24D4240E2EE40014DA5F /* Dashboard */;
			targetProxy = 91CE24EC240E2EE60014DA5F /* PBXContainerItemProxy */;
		};
/* End PBXTargetDependency section */

/* Begin PBXVariantGroup section */
		91CE24DE240E2EE40014DA5F /* Main.storyboard */ = {
			isa = PBXVariantGroup;
			children = (
				91CE24DF240E2EE40014DA5F /* Base */,
			);
			name = Main.storyboard;
			sourceTree = "<group>";
		};
		91CE24E3240E2EE50014DA5F /* LaunchScreen.storyboard */ = {
			isa = PBXVariantGroup;
			children = (
				91CE24E4240E2EE50014DA5F /* Base */,
			);
			name = LaunchScreen.storyboard;
			sourceTree = "<group>";
		};
/* End PBXVariantGroup section */

/* Begin XCBuildConfiguration section */
		91CE24F2240E2EE60014DA5F /* Debug */ = {
			isa = XCBuildConfiguration;
			buildSettings = {
				ALWAYS_SEARCH_USER_PATHS = NO;
				CLANG_ANALYZER_NONNULL = YES;
				CLANG_ANALYZER_NUMBER_OBJECT_CONVERSION = YES_AGGRESSIVE;
				CLANG_CXX_LANGUAGE_STANDARD = "gnu++14";
				CLANG_CXX_LIBRARY = "libc++";
				CLANG_ENABLE_MODULES = YES;
				CLANG_ENABLE_OBJC_ARC = YES;
				CLANG_ENABLE_OBJC_WEAK = YES;
				CLANG_WARN_BLOCK_CAPTURE_AUTORELEASING = YES;
				CLANG_WARN_BOOL_CONVERSION = YES;
				CLANG_WARN_COMMA = YES;
				CLANG_WARN_CONSTANT_CONVERSION = YES;
				CLANG_WARN_DEPRECATED_OBJC_IMPLEMENTATIONS = YES;
				CLANG_WARN_DIRECT_OBJC_ISA_USAGE = YES_ERROR;
				CLANG_WARN_DOCUMENTATION_COMMENTS = YES;
				CLANG_WARN_EMPTY_BODY = YES;
				CLANG_WARN_ENUM_CONVERSION = YES;
				CLANG_WARN_INFINITE_RECURSION = YES;
				CLANG_WARN_INT_CONVERSION = YES;
				CLANG_WARN_NON_LITERAL_NULL_CONVERSION = YES;
				CLANG_WARN_OBJC_IMPLICIT_RETAIN_SELF = YES;
				CLANG_WARN_OBJC_LITERAL_CONVERSION = YES;
				CLANG_WARN_OBJC_ROOT_CLASS = YES_ERROR;
				CLANG_WARN_RANGE_LOOP_ANALYSIS = YES;
				CLANG_WARN_STRICT_PROTOTYPES = YES;
				CLANG_WARN_SUSPICIOUS_MOVE = YES;
				CLANG_WARN_UNGUARDED_AVAILABILITY = YES_AGGRESSIVE;
				CLANG_WARN_UNREACHABLE_CODE = YES;
				CLANG_WARN__DUPLICATE_METHOD_MATCH = YES;
				COPY_PHASE_STRIP = NO;
				DEBUG_INFORMATION_FORMAT = dwarf;
				ENABLE_STRICT_OBJC_MSGSEND = YES;
				ENABLE_TESTABILITY = YES;
				GCC_C_LANGUAGE_STANDARD = gnu11;
				GCC_DYNAMIC_NO_PIC = NO;
				GCC_NO_COMMON_BLOCKS = YES;
				GCC_OPTIMIZATION_LEVEL = 0;
				GCC_PREPROCESSOR_DEFINITIONS = (
					"DEBUG=1",
					"$(inherited)",
				);
				GCC_WARN_64_TO_32_BIT_CONVERSION = YES;
				GCC_WARN_ABOUT_RETURN_TYPE = YES_ERROR;
				GCC_WARN_UNDECLARED_SELECTOR = YES;
				GCC_WARN_UNINITIALIZED_AUTOS = YES_AGGRESSIVE;
				GCC_WARN_UNUSED_FUNCTION = YES;
				GCC_WARN_UNUSED_VARIABLE = YES;
				IPHONEOS_DEPLOYMENT_TARGET = 13.2;
				MTL_ENABLE_DEBUG_INFO = INCLUDE_SOURCE;
				MTL_FAST_MATH = YES;
				ONLY_ACTIVE_ARCH = YES;
				SDKROOT = iphoneos;
				SWIFT_ACTIVE_COMPILATION_CONDITIONS = DEBUG;
				SWIFT_OPTIMIZATION_LEVEL = "-Onone";
			};
			name = Debug;
		};
		91CE24F3240E2EE60014DA5F /* Release */ = {
			isa = XCBuildConfiguration;
			buildSettings = {
				ALWAYS_SEARCH_USER_PATHS = NO;
				CLANG_ANALYZER_NONNULL = YES;
				CLANG_ANALYZER_NUMBER_OBJECT_CONVERSION = YES_AGGRESSIVE;
				CLANG_CXX_LANGUAGE_STANDARD = "gnu++14";
				CLANG_CXX_LIBRARY = "libc++";
				CLANG_ENABLE_MODULES = YES;
				CLANG_ENABLE_OBJC_ARC = YES;
				CLANG_ENABLE_OBJC_WEAK = YES;
				CLANG_WARN_BLOCK_CAPTURE_AUTORELEASING = YES;
				CLANG_WARN_BOOL_CONVERSION = YES;
				CLANG_WARN_COMMA = YES;
				CLANG_WARN_CONSTANT_CONVERSION = YES;
				CLANG_WARN_DEPRECATED_OBJC_IMPLEMENTATIONS = YES;
				CLANG_WARN_DIRECT_OBJC_ISA_USAGE = YES_ERROR;
				CLANG_WARN_DOCUMENTATION_COMMENTS = YES;
				CLANG_WARN_EMPTY_BODY = YES;
				CLANG_WARN_ENUM_CONVERSION = YES;
				CLANG_WARN_INFINITE_RECURSION = YES;
				CLANG_WARN_INT_CONVERSION = YES;
				CLANG_WARN_NON_LITERAL_NULL_CONVERSION = YES;
				CLANG_WARN_OBJC_IMPLICIT_RETAIN_SELF = YES;
				CLANG_WARN_OBJC_LITERAL_CONVERSION = YES;
				CLANG_WARN_OBJC_ROOT_CLASS = YES_ERROR;
				CLANG_WARN_RANGE_LOOP_ANALYSIS = YES;
				CLANG_WARN_STRICT_PROTOTYPES = YES;
				CLANG_WARN_SUSPICIOUS_MOVE = YES;
				CLANG_WARN_UNGUARDED_AVAILABILITY = YES_AGGRESSIVE;
				CLANG_WARN_UNREACHABLE_CODE = YES;
				CLANG_WARN__DUPLICATE_METHOD_MATCH = YES;
				COPY_PHASE_STRIP = NO;
				DEBUG_INFORMATION_FORMAT = "dwarf-with-dsym";
				ENABLE_NS_ASSERTIONS = NO;
				ENABLE_STRICT_OBJC_MSGSEND = YES;
				GCC_C_LANGUAGE_STANDARD = gnu11;
				GCC_NO_COMMON_BLOCKS = YES;
				GCC_WARN_64_TO_32_BIT_CONVERSION = YES;
				GCC_WARN_ABOUT_RETURN_TYPE = YES_ERROR;
				GCC_WARN_UNDECLARED_SELECTOR = YES;
				GCC_WARN_UNINITIALIZED_AUTOS = YES_AGGRESSIVE;
				GCC_WARN_UNUSED_FUNCTION = YES;
				GCC_WARN_UNUSED_VARIABLE = YES;
				IPHONEOS_DEPLOYMENT_TARGET = 13.2;
				MTL_ENABLE_DEBUG_INFO = NO;
				MTL_FAST_MATH = YES;
				SDKROOT = iphoneos;
				SWIFT_COMPILATION_MODE = wholemodule;
				SWIFT_OPTIMIZATION_LEVEL = "-O";
				VALIDATE_PRODUCT = YES;
			};
			name = Release;
		};
		91CE24F5240E2EE60014DA5F /* Debug */ = {
			isa = XCBuildConfiguration;
			buildSettings = {
				ASSETCATALOG_COMPILER_APPICON_NAME = AppIcon;
				CODE_SIGN_STYLE = Automatic;
				DEVELOPMENT_TEAM = SAM3W8FL97;
				INFOPLIST_FILE = Dashboard/Info.plist;
				LD_RUNPATH_SEARCH_PATHS = (
					"$(inherited)",
					"@executable_path/Frameworks",
				);
				PRODUCT_BUNDLE_IDENTIFIER = monash.Dashboard;
				PRODUCT_NAME = "$(TARGET_NAME)";
				SWIFT_VERSION = 5.0;
				TARGETED_DEVICE_FAMILY = "1,2";
			};
			name = Debug;
		};
		91CE24F6240E2EE60014DA5F /* Release */ = {
			isa = XCBuildConfiguration;
			buildSettings = {
				ASSETCATALOG_COMPILER_APPICON_NAME = AppIcon;
				CODE_SIGN_STYLE = Automatic;
				DEVELOPMENT_TEAM = SAM3W8FL97;
				INFOPLIST_FILE = Dashboard/Info.plist;
				LD_RUNPATH_SEARCH_PATHS = (
					"$(inherited)",
					"@executable_path/Frameworks",
				);
				PRODUCT_BUNDLE_IDENTIFIER = monash.Dashboard;
				PRODUCT_NAME = "$(TARGET_NAME)";
				SWIFT_VERSION = 5.0;
				TARGETED_DEVICE_FAMILY = "1,2";
			};
			name = Release;
		};
		91CE24F8240E2EE60014DA5F /* Debug */ = {
			isa = XCBuildConfiguration;
			buildSettings = {
				ALWAYS_EMBED_SWIFT_STANDARD_LIBRARIES = YES;
				BUNDLE_LOADER = "$(TEST_HOST)";
				CODE_SIGN_STYLE = Automatic;
				DEVELOPMENT_TEAM = SAM3W8FL97;
				INFOPLIST_FILE = DashboardTests/Info.plist;
				IPHONEOS_DEPLOYMENT_TARGET = 13.2;
				LD_RUNPATH_SEARCH_PATHS = (
					"$(inherited)",
					"@executable_path/Frameworks",
					"@loader_path/Frameworks",
				);
				PRODUCT_BUNDLE_IDENTIFIER = monash.DashboardTests;
				PRODUCT_NAME = "$(TARGET_NAME)";
				SWIFT_VERSION = 5.0;
				TARGETED_DEVICE_FAMILY = "1,2";
				TEST_HOST = "$(BUILT_PRODUCTS_DIR)/Dashboard.app/Dashboard";
			};
			name = Debug;
		};
		91CE24F9240E2EE60014DA5F /* Release */ = {
			isa = XCBuildConfiguration;
			buildSettings = {
				ALWAYS_EMBED_SWIFT_STANDARD_LIBRARIES = YES;
				BUNDLE_LOADER = "$(TEST_HOST)";
				CODE_SIGN_STYLE = Automatic;
				DEVELOPMENT_TEAM = SAM3W8FL97;
				INFOPLIST_FILE = DashboardTests/Info.plist;
				IPHONEOS_DEPLOYMENT_TARGET = 13.2;
				LD_RUNPATH_SEARCH_PATHS = (
					"$(inherited)",
					"@executable_path/Frameworks",
					"@loader_path/Frameworks",
				);
				PRODUCT_BUNDLE_IDENTIFIER = monash.DashboardTests;
				PRODUCT_NAME = "$(TARGET_NAME)";
				SWIFT_VERSION = 5.0;
				TARGETED_DEVICE_FAMILY = "1,2";
				TEST_HOST = "$(BUILT_PRODUCTS_DIR)/Dashboard.app/Dashboard";
			};
			name = Release;
		};
/* End XCBuildConfiguration section */

/* Begin XCConfigurationList section */
		91CE24D0240E2EE40014DA5F /* Build configuration list for PBXProject "Dashboard" */ = {
			isa = XCConfigurationList;
			buildConfigurations = (
				91CE24F2240E2EE60014DA5F /* Debug */,
				91CE24F3240E2EE60014DA5F /* Release */,
			);
			defaultConfigurationIsVisible = 0;
			defaultConfigurationName = Release;
		};
		91CE24F4240E2EE60014DA5F /* Build configuration list for PBXNativeTarget "Dashboard" */ = {
			isa = XCConfigurationList;
			buildConfigurations = (
				91CE24F5240E2EE60014DA5F /* Debug */,
				91CE24F6240E2EE60014DA5F /* Release */,
			);
			defaultConfigurationIsVisible = 0;
			defaultConfigurationName = Release;
		};
		91CE24F7240E2EE60014DA5F /* Build configuration list for PBXNativeTarget "DashboardTests" */ = {
			isa = XCConfigurationList;
			buildConfigurations = (
				91CE24F8240E2EE60014DA5F /* Debug */,
				91CE24F9240E2EE60014DA5F /* Release */,
			);
			defaultConfigurationIsVisible = 0;
			defaultConfigurationName = Release;
		};
/* End XCConfigurationList section */
	};
	rootObject = 91CE24CD240E2EE40014DA5F /* Project object */;
}
