// !$*UTF8*$!
{
	archiveVersion = 1;
	classes = {
	};
	objectVersion = 51;
	objects = {

/* Begin PBXBuildFile section */
		5172443AD870C642CA03512F /* Pods_Dashboard_DashboardTests.framework in Frameworks */ = {isa = PBXBuildFile; fileRef = B22CB1049BD365898887947A /* Pods_Dashboard_DashboardTests.framework */; };
		682EA90792202F832E4F3D77 /* Pods_Dashboard.framework in Frameworks */ = {isa = PBXBuildFile; fileRef = 998F168125B64F8663F8759D /* Pods_Dashboard.framework */; };
		913691B924120A2A002E45A1 /* GoogleService-Info.plist in Resources */ = {isa = PBXBuildFile; fileRef = 913691B824120A2A002E45A1 /* GoogleService-Info.plist */; };
		913691BC2412582F002E45A1 /* FirebaseRepository.swift in Sources */ = {isa = PBXBuildFile; fileRef = 913691BB2412582F002E45A1 /* FirebaseRepository.swift */; };
		913691C024130BA2002E45A1 /* String+Time.swift in Sources */ = {isa = PBXBuildFile; fileRef = 913691BF24130BA2002E45A1 /* String+Time.swift */; };
		913691C224130EA7002E45A1 /* Calendar+Difference.swift in Sources */ = {isa = PBXBuildFile; fileRef = 913691C124130EA7002E45A1 /* Calendar+Difference.swift */; };
		91369B12240E817D00135A30 /* ReusableView.swift in Sources */ = {isa = PBXBuildFile; fileRef = 91369B11240E817D00135A30 /* ReusableView.swift */; };
		91369B17240E84DC00135A30 /* UIView+RoundedCorners.swift in Sources */ = {isa = PBXBuildFile; fileRef = 91369B16240E84DC00135A30 /* UIView+RoundedCorners.swift */; };
		91369B1A240E853900135A30 /* Constants.swift in Sources */ = {isa = PBXBuildFile; fileRef = 91369B19240E853900135A30 /* Constants.swift */; };
		914FDB04240F92BD0029EB3E /* LectureSectionHeader.swift in Sources */ = {isa = PBXBuildFile; fileRef = 914FDB03240F92BD0029EB3E /* LectureSectionHeader.swift */; };
		914FDB06240F93220029EB3E /* LectureSectionHeader.xib in Resources */ = {isa = PBXBuildFile; fileRef = 914FDB05240F93220029EB3E /* LectureSectionHeader.xib */; };
		914FDB09240F9F300029EB3E /* CarParkCell.xib in Resources */ = {isa = PBXBuildFile; fileRef = 914FDB08240F9F300029EB3E /* CarParkCell.xib */; };
		914FDB0B240F9F390029EB3E /* CarParkCell.swift in Sources */ = {isa = PBXBuildFile; fileRef = 914FDB0A240F9F390029EB3E /* CarParkCell.swift */; };
		914FDB0F240FA2950029EB3E /* PlainTextSectionHeader.swift in Sources */ = {isa = PBXBuildFile; fileRef = 914FDB0E240FA2950029EB3E /* PlainTextSectionHeader.swift */; };
		914FDB11240FA34B0029EB3E /* PlainTextSectionHeader.xib in Resources */ = {isa = PBXBuildFile; fileRef = 914FDB10240FA34B0029EB3E /* PlainTextSectionHeader.xib */; };
		914FDB13240FA5EA0029EB3E /* CircleView.swift in Sources */ = {isa = PBXBuildFile; fileRef = 914FDB12240FA5EA0029EB3E /* CircleView.swift */; };
		914FDB16240FACE60029EB3E /* ShuttleBusCell.xib in Resources */ = {isa = PBXBuildFile; fileRef = 914FDB15240FACE60029EB3E /* ShuttleBusCell.xib */; };
		914FDB18240FACF10029EB3E /* ShuttleBusCell.swift in Sources */ = {isa = PBXBuildFile; fileRef = 914FDB17240FACF10029EB3E /* ShuttleBusCell.swift */; };
		914FDB1A240FC6810029EB3E /* CarParkUseCase.swift in Sources */ = {isa = PBXBuildFile; fileRef = 914FDB19240FC6810029EB3E /* CarParkUseCase.swift */; };
		914FDB1E240FC9820029EB3E /* UITableViewCell+Extension.swift in Sources */ = {isa = PBXBuildFile; fileRef = 914FDB1D240FC9820029EB3E /* UITableViewCell+Extension.swift */; };
		91CE24D9240E2EE40014DA5F /* AppDelegate.swift in Sources */ = {isa = PBXBuildFile; fileRef = 91CE24D8240E2EE40014DA5F /* AppDelegate.swift */; };
		91CE24E0240E2EE40014DA5F /* Dashboard.storyboard in Resources */ = {isa = PBXBuildFile; fileRef = 91CE24DE240E2EE40014DA5F /* Dashboard.storyboard */; };
		91CE24E2240E2EE50014DA5F /* Assets.xcassets in Resources */ = {isa = PBXBuildFile; fileRef = 91CE24E1240E2EE50014DA5F /* Assets.xcassets */; };
		91CE24E5240E2EE50014DA5F /* LaunchScreen.storyboard in Resources */ = {isa = PBXBuildFile; fileRef = 91CE24E3240E2EE50014DA5F /* LaunchScreen.storyboard */; };
		91CE24F0240E2EE60014DA5F /* CalendarExtensionSpec.swift in Sources */ = {isa = PBXBuildFile; fileRef = 91CE24EF240E2EE60014DA5F /* CalendarExtensionSpec.swift */; };
		91CE24FE240E2FF70014DA5F /* GreetingView.xib in Resources */ = {isa = PBXBuildFile; fileRef = 91CE24FD240E2FF70014DA5F /* GreetingView.xib */; };
		91CE2503240E312C0014DA5F /* GreetingView.swift in Sources */ = {isa = PBXBuildFile; fileRef = 91CE2502240E312C0014DA5F /* GreetingView.swift */; };
		91CE2505240E330D0014DA5F /* DashboardViewController.swift in Sources */ = {isa = PBXBuildFile; fileRef = 91CE2504240E330D0014DA5F /* DashboardViewController.swift */; };
		91CE2507240E366D0014DA5F /* ColorPalette.swift in Sources */ = {isa = PBXBuildFile; fileRef = 91CE2506240E366D0014DA5F /* ColorPalette.swift */; };
		91CE2509240E37170014DA5F /* UIImage+Extension.swift in Sources */ = {isa = PBXBuildFile; fileRef = 91CE2508240E37170014DA5F /* UIImage+Extension.swift */; };
		91CE250C240E4EDC0014DA5F /* ShuttleBus.swift in Sources */ = {isa = PBXBuildFile; fileRef = 91CE250B240E4EDC0014DA5F /* ShuttleBus.swift */; };
		91CE250E240E50290014DA5F /* CarPark.swift in Sources */ = {isa = PBXBuildFile; fileRef = 91CE250D240E50290014DA5F /* CarPark.swift */; };
		91CE2510240E504D0014DA5F /* Lecture.swift in Sources */ = {isa = PBXBuildFile; fileRef = 91CE250F240E504D0014DA5F /* Lecture.swift */; };
		91CE2513240E51010014DA5F /* ShuttleBusUseCase.swift in Sources */ = {isa = PBXBuildFile; fileRef = 91CE2512240E51010014DA5F /* ShuttleBusUseCase.swift */; };
		91CE2515240E60F20014DA5F /* DashboardViewModel.swift in Sources */ = {isa = PBXBuildFile; fileRef = 91CE2514240E60F20014DA5F /* DashboardViewModel.swift */; };
		91CE2518240E62510014DA5F /* LectureCell.xib in Resources */ = {isa = PBXBuildFile; fileRef = 91CE2517240E62510014DA5F /* LectureCell.xib */; };
		91CE251B240E62660014DA5F /* LectureCell.swift in Sources */ = {isa = PBXBuildFile; fileRef = 91CE251A240E62660014DA5F /* LectureCell.swift */; };
		91CE251D240E69C70014DA5F /* LectureUseCase.swift in Sources */ = {isa = PBXBuildFile; fileRef = 91CE251C240E69C70014DA5F /* LectureUseCase.swift */; };
		91CE2520240E6C9F0014DA5F /* UITableView+Dequeue.swift in Sources */ = {isa = PBXBuildFile; fileRef = 91CE251F240E6C9F0014DA5F /* UITableView+Dequeue.swift */; };
		91EBB5102413967A003E091A /* StringExtensionSpec.swift in Sources */ = {isa = PBXBuildFile; fileRef = 91EBB50F2413967A003E091A /* StringExtensionSpec.swift */; };
		91EBB514241396AA003E091A /* CarParkUseCaseSpec.swift in Sources */ = {isa = PBXBuildFile; fileRef = 91EBB513241396AA003E091A /* CarParkUseCaseSpec.swift */; };
		91EBB516241396CF003E091A /* ShuttleBusUseCase.swift in Sources */ = {isa = PBXBuildFile; fileRef = 91EBB515241396CF003E091A /* ShuttleBusUseCase.swift */; };
		91EBB518241396E3003E091A /* LectureUseCaseSpec.swift in Sources */ = {isa = PBXBuildFile; fileRef = 91EBB517241396E3003E091A /* LectureUseCaseSpec.swift */; };
		91EBB51A24139C9C003E091A /* StubRepository.swift in Sources */ = {isa = PBXBuildFile; fileRef = 91EBB51924139C9C003E091A /* StubRepository.swift */; };
/* End PBXBuildFile section */

/* Begin PBXContainerItemProxy section */
		91CE24EC240E2EE60014DA5F /* PBXContainerItemProxy */ = {
			isa = PBXContainerItemProxy;
			containerPortal = 91CE24CD240E2EE40014DA5F /* Project object */;
			proxyType = 1;
			remoteGlobalIDString = 91CE24D4240E2EE40014DA5F;
			remoteInfo = Dashboard;
		};
/* End PBXContainerItemProxy section */

/* Begin PBXFileReference section */
		27AEDDA567A7C07BE098A173 /* Pods-Dashboard.release.xcconfig */ = {isa = PBXFileReference; includeInIndex = 1; lastKnownFileType = text.xcconfig; name = "Pods-Dashboard.release.xcconfig"; path = "Target Support Files/Pods-Dashboard/Pods-Dashboard.release.xcconfig"; sourceTree = "<group>"; };
		2E6CBCB5FBE5767AA59D852E /* Pods-Dashboard-DashboardTests.debug.xcconfig */ = {isa = PBXFileReference; includeInIndex = 1; lastKnownFileType = text.xcconfig; name = "Pods-Dashboard-DashboardTests.debug.xcconfig"; path = "Target Support Files/Pods-Dashboard-DashboardTests/Pods-Dashboard-DashboardTests.debug.xcconfig"; sourceTree = "<group>"; };
		876967BC54F0F2ABFD38D467 /* Pods-Dashboard-DashboardTests.release.xcconfig */ = {isa = PBXFileReference; includeInIndex = 1; lastKnownFileType = text.xcconfig; name = "Pods-Dashboard-DashboardTests.release.xcconfig"; path = "Target Support Files/Pods-Dashboard-DashboardTests/Pods-Dashboard-DashboardTests.release.xcconfig"; sourceTree = "<group>"; };
		913691B824120A2A002E45A1 /* GoogleService-Info.plist */ = {isa = PBXFileReference; fileEncoding = 4; lastKnownFileType = text.plist.xml; path = "GoogleService-Info.plist"; sourceTree = "<group>"; };
		913691BB2412582F002E45A1 /* FirebaseRepository.swift */ = {isa = PBXFileReference; lastKnownFileType = sourcecode.swift; path = FirebaseRepository.swift; sourceTree = "<group>"; };
		913691BF24130BA2002E45A1 /* String+Time.swift */ = {isa = PBXFileReference; lastKnownFileType = sourcecode.swift; path = "String+Time.swift"; sourceTree = "<group>"; };
		913691C124130EA7002E45A1 /* Calendar+Difference.swift */ = {isa = PBXFileReference; lastKnownFileType = sourcecode.swift; path = "Calendar+Difference.swift"; sourceTree = "<group>"; };
		91369B11240E817D00135A30 /* ReusableView.swift */ = {isa = PBXFileReference; fileEncoding = 4; lastKnownFileType = sourcecode.swift; path = ReusableView.swift; sourceTree = "<group>"; };
		91369B16240E84DC00135A30 /* UIView+RoundedCorners.swift */ = {isa = PBXFileReference; lastKnownFileType = sourcecode.swift; path = "UIView+RoundedCorners.swift"; sourceTree = "<group>"; };
		91369B19240E853900135A30 /* Constants.swift */ = {isa = PBXFileReference; lastKnownFileType = sourcecode.swift; path = Constants.swift; sourceTree = "<group>"; };
		914FDB03240F92BD0029EB3E /* LectureSectionHeader.swift */ = {isa = PBXFileReference; lastKnownFileType = sourcecode.swift; path = LectureSectionHeader.swift; sourceTree = "<group>"; };
		914FDB05240F93220029EB3E /* LectureSectionHeader.xib */ = {isa = PBXFileReference; lastKnownFileType = file.xib; path = LectureSectionHeader.xib; sourceTree = "<group>"; };
		914FDB08240F9F300029EB3E /* CarParkCell.xib */ = {isa = PBXFileReference; lastKnownFileType = file.xib; path = CarParkCell.xib; sourceTree = "<group>"; };
		914FDB0A240F9F390029EB3E /* CarParkCell.swift */ = {isa = PBXFileReference; lastKnownFileType = sourcecode.swift; path = CarParkCell.swift; sourceTree = "<group>"; };
		914FDB0E240FA2950029EB3E /* PlainTextSectionHeader.swift */ = {isa = PBXFileReference; lastKnownFileType = sourcecode.swift; path = PlainTextSectionHeader.swift; sourceTree = "<group>"; };
		914FDB10240FA34B0029EB3E /* PlainTextSectionHeader.xib */ = {isa = PBXFileReference; lastKnownFileType = file.xib; path = PlainTextSectionHeader.xib; sourceTree = "<group>"; };
		914FDB12240FA5EA0029EB3E /* CircleView.swift */ = {isa = PBXFileReference; lastKnownFileType = sourcecode.swift; path = CircleView.swift; sourceTree = "<group>"; };
		914FDB15240FACE60029EB3E /* ShuttleBusCell.xib */ = {isa = PBXFileReference; lastKnownFileType = file.xib; path = ShuttleBusCell.xib; sourceTree = "<group>"; };
		914FDB17240FACF10029EB3E /* ShuttleBusCell.swift */ = {isa = PBXFileReference; lastKnownFileType = sourcecode.swift; path = ShuttleBusCell.swift; sourceTree = "<group>"; };
		914FDB19240FC6810029EB3E /* CarParkUseCase.swift */ = {isa = PBXFileReference; lastKnownFileType = sourcecode.swift; path = CarParkUseCase.swift; sourceTree = "<group>"; };
		914FDB1D240FC9820029EB3E /* UITableViewCell+Extension.swift */ = {isa = PBXFileReference; lastKnownFileType = sourcecode.swift; path = "UITableViewCell+Extension.swift"; sourceTree = "<group>"; };
		91CE24D5240E2EE40014DA5F /* Dashboard.app */ = {isa = PBXFileReference; explicitFileType = wrapper.application; includeInIndex = 0; path = Dashboard.app; sourceTree = BUILT_PRODUCTS_DIR; };
		91CE24D8240E2EE40014DA5F /* AppDelegate.swift */ = {isa = PBXFileReference; lastKnownFileType = sourcecode.swift; path = AppDelegate.swift; sourceTree = "<group>"; };
		91CE24DF240E2EE40014DA5F /* Base */ = {isa = PBXFileReference; lastKnownFileType = file.storyboard; name = Base; path = Base.lproj/Dashboard.storyboard; sourceTree = "<group>"; };
		91CE24E1240E2EE50014DA5F /* Assets.xcassets */ = {isa = PBXFileReference; lastKnownFileType = folder.assetcatalog; path = Assets.xcassets; sourceTree = "<group>"; };
		91CE24E4240E2EE50014DA5F /* Base */ = {isa = PBXFileReference; lastKnownFileType = file.storyboard; name = Base; path = Base.lproj/LaunchScreen.storyboard; sourceTree = "<group>"; };
		91CE24E6240E2EE50014DA5F /* Info.plist */ = {isa = PBXFileReference; lastKnownFileType = text.plist.xml; path = Info.plist; sourceTree = "<group>"; };
		91CE24EB240E2EE60014DA5F /* DashboardTests.xctest */ = {isa = PBXFileReference; explicitFileType = wrapper.cfbundle; includeInIndex = 0; path = DashboardTests.xctest; sourceTree = BUILT_PRODUCTS_DIR; };
		91CE24EF240E2EE60014DA5F /* CalendarExtensionSpec.swift */ = {isa = PBXFileReference; lastKnownFileType = sourcecode.swift; path = CalendarExtensionSpec.swift; sourceTree = "<group>"; };
		91CE24F1240E2EE60014DA5F /* Info.plist */ = {isa = PBXFileReference; lastKnownFileType = text.plist.xml; path = Info.plist; sourceTree = "<group>"; };
		91CE24FD240E2FF70014DA5F /* GreetingView.xib */ = {isa = PBXFileReference; lastKnownFileType = file.xib; path = GreetingView.xib; sourceTree = "<group>"; };
		91CE2502240E312C0014DA5F /* GreetingView.swift */ = {isa = PBXFileReference; lastKnownFileType = sourcecode.swift; path = GreetingView.swift; sourceTree = "<group>"; };
		91CE2504240E330D0014DA5F /* DashboardViewController.swift */ = {isa = PBXFileReference; lastKnownFileType = sourcecode.swift; path = DashboardViewController.swift; sourceTree = "<group>"; };
		91CE2506240E366D0014DA5F /* ColorPalette.swift */ = {isa = PBXFileReference; lastKnownFileType = sourcecode.swift; path = ColorPalette.swift; sourceTree = "<group>"; };
		91CE2508240E37170014DA5F /* UIImage+Extension.swift */ = {isa = PBXFileReference; lastKnownFileType = sourcecode.swift; path = "UIImage+Extension.swift"; sourceTree = "<group>"; };
		91CE250B240E4EDC0014DA5F /* ShuttleBus.swift */ = {isa = PBXFileReference; lastKnownFileType = sourcecode.swift; path = ShuttleBus.swift; sourceTree = "<group>"; };
		91CE250D240E50290014DA5F /* CarPark.swift */ = {isa = PBXFileReference; lastKnownFileType = sourcecode.swift; path = CarPark.swift; sourceTree = "<group>"; };
		91CE250F240E504D0014DA5F /* Lecture.swift */ = {isa = PBXFileReference; lastKnownFileType = sourcecode.swift; path = Lecture.swift; sourceTree = "<group>"; };
		91CE2512240E51010014DA5F /* ShuttleBusUseCase.swift */ = {isa = PBXFileReference; lastKnownFileType = sourcecode.swift; path = ShuttleBusUseCase.swift; sourceTree = "<group>"; };
		91CE2514240E60F20014DA5F /* DashboardViewModel.swift */ = {isa = PBXFileReference; lastKnownFileType = sourcecode.swift; path = DashboardViewModel.swift; sourceTree = "<group>"; };
		91CE2517240E62510014DA5F /* LectureCell.xib */ = {isa = PBXFileReference; lastKnownFileType = file.xib; path = LectureCell.xib; sourceTree = "<group>"; };
		91CE251A240E62660014DA5F /* LectureCell.swift */ = {isa = PBXFileReference; lastKnownFileType = sourcecode.swift; path = LectureCell.swift; sourceTree = "<group>"; };
		91CE251C240E69C70014DA5F /* LectureUseCase.swift */ = {isa = PBXFileReference; lastKnownFileType = sourcecode.swift; path = LectureUseCase.swift; sourceTree = "<group>"; };
		91CE251F240E6C9F0014DA5F /* UITableView+Dequeue.swift */ = {isa = PBXFileReference; lastKnownFileType = sourcecode.swift; path = "UITableView+Dequeue.swift"; sourceTree = "<group>"; };
		91EBB50F2413967A003E091A /* StringExtensionSpec.swift */ = {isa = PBXFileReference; lastKnownFileType = sourcecode.swift; path = StringExtensionSpec.swift; sourceTree = "<group>"; };
		91EBB513241396AA003E091A /* CarParkUseCaseSpec.swift */ = {isa = PBXFileReference; lastKnownFileType = sourcecode.swift; path = CarParkUseCaseSpec.swift; sourceTree = "<group>"; };
		91EBB515241396CF003E091A /* ShuttleBusUseCase.swift */ = {isa = PBXFileReference; lastKnownFileType = sourcecode.swift; path = ShuttleBusUseCase.swift; sourceTree = "<group>"; };
		91EBB517241396E3003E091A /* LectureUseCaseSpec.swift */ = {isa = PBXFileReference; lastKnownFileType = sourcecode.swift; path = LectureUseCaseSpec.swift; sourceTree = "<group>"; };
		91EBB51924139C9C003E091A /* StubRepository.swift */ = {isa = PBXFileReference; lastKnownFileType = sourcecode.swift; path = StubRepository.swift; sourceTree = "<group>"; };
		998F168125B64F8663F8759D /* Pods_Dashboard.framework */ = {isa = PBXFileReference; explicitFileType = wrapper.framework; includeInIndex = 0; path = Pods_Dashboard.framework; sourceTree = BUILT_PRODUCTS_DIR; };
		A73AF32C78639B48B53636A8 /* Pods-DashboardTests.debug.xcconfig */ = {isa = PBXFileReference; includeInIndex = 1; lastKnownFileType = text.xcconfig; name = "Pods-DashboardTests.debug.xcconfig"; path = "Target Support Files/Pods-DashboardTests/Pods-DashboardTests.debug.xcconfig"; sourceTree = "<group>"; };
		AB95817EB98BCC0E76C03803 /* Pods-Dashboard.debug.xcconfig */ = {isa = PBXFileReference; includeInIndex = 1; lastKnownFileType = text.xcconfig; name = "Pods-Dashboard.debug.xcconfig"; path = "Target Support Files/Pods-Dashboard/Pods-Dashboard.debug.xcconfig"; sourceTree = "<group>"; };
		B22CB1049BD365898887947A /* Pods_Dashboard_DashboardTests.framework */ = {isa = PBXFileReference; explicitFileType = wrapper.framework; includeInIndex = 0; path = Pods_Dashboard_DashboardTests.framework; sourceTree = BUILT_PRODUCTS_DIR; };
		EFEB818E2B2032EF85477369 /* Pods-DashboardTests.release.xcconfig */ = {isa = PBXFileReference; includeInIndex = 1; lastKnownFileType = text.xcconfig; name = "Pods-DashboardTests.release.xcconfig"; path = "Target Support Files/Pods-DashboardTests/Pods-DashboardTests.release.xcconfig"; sourceTree = "<group>"; };
/* End PBXFileReference section */

/* Begin PBXFrameworksBuildPhase section */
		91CE24D2240E2EE40014DA5F /* Frameworks */ = {
			isa = PBXFrameworksBuildPhase;
			buildActionMask = 2147483647;
			files = (
				682EA90792202F832E4F3D77 /* Pods_Dashboard.framework in Frameworks */,
			);
			runOnlyForDeploymentPostprocessing = 0;
		};
		91CE24E8240E2EE60014DA5F /* Frameworks */ = {
			isa = PBXFrameworksBuildPhase;
			buildActionMask = 2147483647;
			files = (
				5172443AD870C642CA03512F /* Pods_Dashboard_DashboardTests.framework in Frameworks */,
			);
			runOnlyForDeploymentPostprocessing = 0;
		};
/* End PBXFrameworksBuildPhase section */

/* Begin PBXGroup section */
		0515E2533045A3DB282276E5 /* Frameworks */ = {
			isa = PBXGroup;
			children = (
				998F168125B64F8663F8759D /* Pods_Dashboard.framework */,
				B22CB1049BD365898887947A /* Pods_Dashboard_DashboardTests.framework */,
			);
			name = Frameworks;
			sourceTree = "<group>";
		};
		841FB03F4E93D87B36A6D5D3 /* Pods */ = {
			isa = PBXGroup;
			children = (
				AB95817EB98BCC0E76C03803 /* Pods-Dashboard.debug.xcconfig */,
				27AEDDA567A7C07BE098A173 /* Pods-Dashboard.release.xcconfig */,
				A73AF32C78639B48B53636A8 /* Pods-DashboardTests.debug.xcconfig */,
				EFEB818E2B2032EF85477369 /* Pods-DashboardTests.release.xcconfig */,
				2E6CBCB5FBE5767AA59D852E /* Pods-Dashboard-DashboardTests.debug.xcconfig */,
				876967BC54F0F2ABFD38D467 /* Pods-Dashboard-DashboardTests.release.xcconfig */,
			);
			path = Pods;
			sourceTree = "<group>";
		};
		913691BA2412581C002E45A1 /* Model */ = {
			isa = PBXGroup;
			children = (
				91CE250B240E4EDC0014DA5F /* ShuttleBus.swift */,
				91CE250D240E50290014DA5F /* CarPark.swift */,
				91CE250F240E504D0014DA5F /* Lecture.swift */,
			);
			path = Model;
			sourceTree = "<group>";
		};
		91369B10240E817D00135A30 /* Custom Control */ = {
			isa = PBXGroup;
			children = (
				91369B11240E817D00135A30 /* ReusableView.swift */,
				914FDB10240FA34B0029EB3E /* PlainTextSectionHeader.xib */,
				914FDB0E240FA2950029EB3E /* PlainTextSectionHeader.swift */,
				914FDB12240FA5EA0029EB3E /* CircleView.swift */,
			);
			path = "Custom Control";
			sourceTree = "<group>";
		};
		91369B18240E84F900135A30 /* Application */ = {
			isa = PBXGroup;
			children = (
				91CE24D8240E2EE40014DA5F /* AppDelegate.swift */,
				91CE24E3240E2EE50014DA5F /* LaunchScreen.storyboard */,
				91369B19240E853900135A30 /* Constants.swift */,
				913691B824120A2A002E45A1 /* GoogleService-Info.plist */,
			);
			path = Application;
			sourceTree = "<group>";
		};
		914FDB02240F92990029EB3E /* Lecture */ = {
			isa = PBXGroup;
			children = (
				91CE2517240E62510014DA5F /* LectureCell.xib */,
				91CE251A240E62660014DA5F /* LectureCell.swift */,
				914FDB05240F93220029EB3E /* LectureSectionHeader.xib */,
				914FDB03240F92BD0029EB3E /* LectureSectionHeader.swift */,
			);
			path = Lecture;
			sourceTree = "<group>";
		};
		914FDB07240F9F1F0029EB3E /* CarPark */ = {
			isa = PBXGroup;
			children = (
				914FDB08240F9F300029EB3E /* CarParkCell.xib */,
				914FDB0A240F9F390029EB3E /* CarParkCell.swift */,
			);
			path = CarPark;
			sourceTree = "<group>";
		};
		914FDB14240FAC610029EB3E /* ShuttleBus */ = {
			isa = PBXGroup;
			children = (
				914FDB15240FACE60029EB3E /* ShuttleBusCell.xib */,
				914FDB17240FACF10029EB3E /* ShuttleBusCell.swift */,
			);
			path = ShuttleBus;
			sourceTree = "<group>";
		};
		91CE24CC240E2EE40014DA5F = {
			isa = PBXGroup;
			children = (
				91CE24D7240E2EE40014DA5F /* Dashboard */,
				91CE24EE240E2EE60014DA5F /* DashboardTests */,
				91CE24D6240E2EE40014DA5F /* Products */,
				841FB03F4E93D87B36A6D5D3 /* Pods */,
				0515E2533045A3DB282276E5 /* Frameworks */,
			);
			sourceTree = "<group>";
		};
		91CE24D6240E2EE40014DA5F /* Products */ = {
			isa = PBXGroup;
			children = (
				91CE24D5240E2EE40014DA5F /* Dashboard.app */,
				91CE24EB240E2EE60014DA5F /* DashboardTests.xctest */,
			);
			name = Products;
			sourceTree = "<group>";
		};
		91CE24D7240E2EE40014DA5F /* Dashboard */ = {
			isa = PBXGroup;
			children = (
				91369B18240E84F900135A30 /* Application */,
				91CE251E240E6C7C0014DA5F /* Utilities */,
				91CE24FA240E2F8D0014DA5F /* Presentation */,
				91CE2511240E50DF0014DA5F /* Domain */,
				91CE250A240E4EB60014DA5F /* Data */,
				91CE24E1240E2EE50014DA5F /* Assets.xcassets */,
				91CE24E6240E2EE50014DA5F /* Info.plist */,
			);
			path = Dashboard;
			sourceTree = "<group>";
		};
		91CE24EE240E2EE60014DA5F /* DashboardTests */ = {
			isa = PBXGroup;
			children = (
				91EBB51224139697003E091A /* Utilities */,
				91EBB5112413968E003E091A /* Domain */,
				91CE24F1240E2EE60014DA5F /* Info.plist */,
			);
			path = DashboardTests;
			sourceTree = "<group>";
		};
		91CE24FA240E2F8D0014DA5F /* Presentation */ = {
			isa = PBXGroup;
			children = (
				91369B10240E817D00135A30 /* Custom Control */,
				91CE24FC240E2FD90014DA5F /* Views */,
			);
			path = Presentation;
			sourceTree = "<group>";
		};
		91CE24FC240E2FD90014DA5F /* Views */ = {
			isa = PBXGroup;
			children = (
				914FDB14240FAC610029EB3E /* ShuttleBus */,
				914FDB02240F92990029EB3E /* Lecture */,
				914FDB07240F9F1F0029EB3E /* CarPark */,
				91CE24FD240E2FF70014DA5F /* GreetingView.xib */,
				91CE2502240E312C0014DA5F /* GreetingView.swift */,
				91CE2504240E330D0014DA5F /* DashboardViewController.swift */,
				91CE2514240E60F20014DA5F /* DashboardViewModel.swift */,
				91CE24DE240E2EE40014DA5F /* Dashboard.storyboard */,
			);
			path = Views;
			sourceTree = "<group>";
		};
		91CE250A240E4EB60014DA5F /* Data */ = {
			isa = PBXGroup;
			children = (
				913691BA2412581C002E45A1 /* Model */,
				913691BB2412582F002E45A1 /* FirebaseRepository.swift */,
			);
			path = Data;
			sourceTree = "<group>";
		};
		91CE2511240E50DF0014DA5F /* Domain */ = {
			isa = PBXGroup;
			children = (
				91CE2512240E51010014DA5F /* ShuttleBusUseCase.swift */,
				91CE251C240E69C70014DA5F /* LectureUseCase.swift */,
				914FDB19240FC6810029EB3E /* CarParkUseCase.swift */,
			);
			path = Domain;
			sourceTree = "<group>";
		};
		91CE251E240E6C7C0014DA5F /* Utilities */ = {
			isa = PBXGroup;
			children = (
				91CE2508240E37170014DA5F /* UIImage+Extension.swift */,
				91CE2506240E366D0014DA5F /* ColorPalette.swift */,
				91CE251F240E6C9F0014DA5F /* UITableView+Dequeue.swift */,
				91369B16240E84DC00135A30 /* UIView+RoundedCorners.swift */,
				914FDB1D240FC9820029EB3E /* UITableViewCell+Extension.swift */,
				913691BF24130BA2002E45A1 /* String+Time.swift */,
				913691C124130EA7002E45A1 /* Calendar+Difference.swift */,
			);
			path = Utilities;
			sourceTree = "<group>";
		};
		91EBB5112413968E003E091A /* Domain */ = {
			isa = PBXGroup;
			children = (
				91EBB513241396AA003E091A /* CarParkUseCaseSpec.swift */,
				91EBB515241396CF003E091A /* ShuttleBusUseCase.swift */,
				91EBB517241396E3003E091A /* LectureUseCaseSpec.swift */,
				91EBB51924139C9C003E091A /* StubRepository.swift */,
			);
			path = Domain;
			sourceTree = "<group>";
		};
		91EBB51224139697003E091A /* Utilities */ = {
			isa = PBXGroup;
			children = (
				91CE24EF240E2EE60014DA5F /* CalendarExtensionSpec.swift */,
				91EBB50F2413967A003E091A /* StringExtensionSpec.swift */,
			);
			path = Utilities;
			sourceTree = "<group>";
		};
/* End PBXGroup section */

/* Begin PBXNativeTarget section */
		91CE24D4240E2EE40014DA5F /* Dashboard */ = {
			isa = PBXNativeTarget;
			buildConfigurationList = 91CE24F4240E2EE60014DA5F /* Build configuration list for PBXNativeTarget "Dashboard" */;
			buildPhases = (
				07F9FD8BBA7E6F0DFD1ED5B8 /* [CP] Check Pods Manifest.lock */,
				91CE24D1240E2EE40014DA5F /* Sources */,
				91CE24D2240E2EE40014DA5F /* Frameworks */,
				91CE24D3240E2EE40014DA5F /* Resources */,
				EB38757ADE4B5B7F77162EC0 /* [CP] Embed Pods Frameworks */,
			);
			buildRules = (
			);
			dependencies = (
			);
			name = Dashboard;
			productName = Dashboard;
			productReference = 91CE24D5240E2EE40014DA5F /* Dashboard.app */;
			productType = "com.apple.product-type.application";
		};
		91CE24EA240E2EE60014DA5F /* DashboardTests */ = {
			isa = PBXNativeTarget;
			buildConfigurationList = 91CE24F7240E2EE60014DA5F /* Build configuration list for PBXNativeTarget "DashboardTests" */;
			buildPhases = (
				B850F9B20A504048769DF3FA /* [CP] Check Pods Manifest.lock */,
				91CE24E7240E2EE60014DA5F /* Sources */,
				91CE24E8240E2EE60014DA5F /* Frameworks */,
				91CE24E9240E2EE60014DA5F /* Resources */,
				87B4880EF23E4CA40A891BD3 /* [CP] Embed Pods Frameworks */,
			);
			buildRules = (
			);
			dependencies = (
				91CE24ED240E2EE60014DA5F /* PBXTargetDependency */,
			);
			name = DashboardTests;
			productName = DashboardTests;
			productReference = 91CE24EB240E2EE60014DA5F /* DashboardTests.xctest */;
			productType = "com.apple.product-type.bundle.unit-test";
		};
/* End PBXNativeTarget section */

/* Begin PBXProject section */
		91CE24CD240E2EE40014DA5F /* Project object */ = {
			isa = PBXProject;
			attributes = {
				LastSwiftUpdateCheck = 1120;
				LastUpgradeCheck = 1120;
				ORGANIZATIONNAME = "Jacky Li";
				TargetAttributes = {
					91CE24D4240E2EE40014DA5F = {
						CreatedOnToolsVersion = 11.2.1;
					};
					91CE24EA240E2EE60014DA5F = {
						CreatedOnToolsVersion = 11.2.1;
						TestTargetID = 91CE24D4240E2EE40014DA5F;
					};
				};
			};
			buildConfigurationList = 91CE24D0240E2EE40014DA5F /* Build configuration list for PBXProject "Dashboard" */;
			compatibilityVersion = "Xcode 9.3";
			developmentRegion = en;
			hasScannedForEncodings = 0;
			knownRegions = (
				en,
				Base,
			);
			mainGroup = 91CE24CC240E2EE40014DA5F;
			productRefGroup = 91CE24D6240E2EE40014DA5F /* Products */;
			projectDirPath = "";
			projectRoot = "";
			targets = (
				91CE24D4240E2EE40014DA5F /* Dashboard */,
				91CE24EA240E2EE60014DA5F /* DashboardTests */,
			);
		};
/* End PBXProject section */

/* Begin PBXResourcesBuildPhase section */
		91CE24D3240E2EE40014DA5F /* Resources */ = {
			isa = PBXResourcesBuildPhase;
			buildActionMask = 2147483647;
			files = (
				914FDB16240FACE60029EB3E /* ShuttleBusCell.xib in Resources */,
				91CE2518240E62510014DA5F /* LectureCell.xib in Resources */,
				91CE24E5240E2EE50014DA5F /* LaunchScreen.storyboard in Resources */,
				914FDB11240FA34B0029EB3E /* PlainTextSectionHeader.xib in Resources */,
				91CE24FE240E2FF70014DA5F /* GreetingView.xib in Resources */,
				91CE24E2240E2EE50014DA5F /* Assets.xcassets in Resources */,
				91CE24E0240E2EE40014DA5F /* Dashboard.storyboard in Resources */,
				913691B924120A2A002E45A1 /* GoogleService-Info.plist in Resources */,
				914FDB09240F9F300029EB3E /* CarParkCell.xib in Resources */,
				914FDB06240F93220029EB3E /* LectureSectionHeader.xib in Resources */,
			);
			runOnlyForDeploymentPostprocessing = 0;
		};
		91CE24E9240E2EE60014DA5F /* Resources */ = {
			isa = PBXResourcesBuildPhase;
			buildActionMask = 2147483647;
			files = (
			);
			runOnlyForDeploymentPostprocessing = 0;
		};
/* End PBXResourcesBuildPhase section */

/* Begin PBXShellScriptBuildPhase section */
		07F9FD8BBA7E6F0DFD1ED5B8 /* [CP] Check Pods Manifest.lock */ = {
			isa = PBXShellScriptBuildPhase;
			buildActionMask = 2147483647;
			files = (
			);
			inputFileListPaths = (
			);
			inputPaths = (
				"${PODS_PODFILE_DIR_PATH}/Podfile.lock",
				"${PODS_ROOT}/Manifest.lock",
			);
			name = "[CP] Check Pods Manifest.lock";
			outputFileListPaths = (
			);
			outputPaths = (
				"$(DERIVED_FILE_DIR)/Pods-Dashboard-checkManifestLockResult.txt",
			);
			runOnlyForDeploymentPostprocessing = 0;
			shellPath = /bin/sh;
			shellScript = "diff \"${PODS_PODFILE_DIR_PATH}/Podfile.lock\" \"${PODS_ROOT}/Manifest.lock\" > /dev/null\nif [ $? != 0 ] ; then\n    # print error to STDERR\n    echo \"error: The sandbox is not in sync with the Podfile.lock. Run 'pod install' or update your CocoaPods installation.\" >&2\n    exit 1\nfi\n# This output is used by Xcode 'outputs' to avoid re-running this script phase.\necho \"SUCCESS\" > \"${SCRIPT_OUTPUT_FILE_0}\"\n";
			showEnvVarsInLog = 0;
		};
		87B4880EF23E4CA40A891BD3 /* [CP] Embed Pods Frameworks */ = {
			isa = PBXShellScriptBuildPhase;
			buildActionMask = 2147483647;
			files = (
			);
			inputFileListPaths = (
				"${PODS_ROOT}/Target Support Files/Pods-Dashboard-DashboardTests/Pods-Dashboard-DashboardTests-frameworks-${CONFIGURATION}-input-files.xcfilelist",
			);
			name = "[CP] Embed Pods Frameworks";
			outputFileListPaths = (
				"${PODS_ROOT}/Target Support Files/Pods-Dashboard-DashboardTests/Pods-Dashboard-DashboardTests-frameworks-${CONFIGURATION}-output-files.xcfilelist",
			);
			runOnlyForDeploymentPostprocessing = 0;
			shellPath = /bin/sh;
			shellScript = "\"${PODS_ROOT}/Target Support Files/Pods-Dashboard-DashboardTests/Pods-Dashboard-DashboardTests-frameworks.sh\"\n";
			showEnvVarsInLog = 0;
		};
		B850F9B20A504048769DF3FA /* [CP] Check Pods Manifest.lock */ = {
			isa = PBXShellScriptBuildPhase;
			buildActionMask = 2147483647;
			files = (
			);
			inputFileListPaths = (
			);
			inputPaths = (
				"${PODS_PODFILE_DIR_PATH}/Podfile.lock",
				"${PODS_ROOT}/Manifest.lock",
			);
			name = "[CP] Check Pods Manifest.lock";
			outputFileListPaths = (
			);
			outputPaths = (
				"$(DERIVED_FILE_DIR)/Pods-Dashboard-DashboardTests-checkManifestLockResult.txt",
			);
			runOnlyForDeploymentPostprocessing = 0;
			shellPath = /bin/sh;
			shellScript = "diff \"${PODS_PODFILE_DIR_PATH}/Podfile.lock\" \"${PODS_ROOT}/Manifest.lock\" > /dev/null\nif [ $? != 0 ] ; then\n    # print error to STDERR\n    echo \"error: The sandbox is not in sync with the Podfile.lock. Run 'pod install' or update your CocoaPods installation.\" >&2\n    exit 1\nfi\n# This output is used by Xcode 'outputs' to avoid re-running this script phase.\necho \"SUCCESS\" > \"${SCRIPT_OUTPUT_FILE_0}\"\n";
			showEnvVarsInLog = 0;
		};
		EB38757ADE4B5B7F77162EC0 /* [CP] Embed Pods Frameworks */ = {
			isa = PBXShellScriptBuildPhase;
			buildActionMask = 2147483647;
			files = (
			);
			inputFileListPaths = (
				"${PODS_ROOT}/Target Support Files/Pods-Dashboard/Pods-Dashboard-frameworks-${CONFIGURATION}-input-files.xcfilelist",
			);
			name = "[CP] Embed Pods Frameworks";
			outputFileListPaths = (
				"${PODS_ROOT}/Target Support Files/Pods-Dashboard/Pods-Dashboard-frameworks-${CONFIGURATION}-output-files.xcfilelist",
			);
			runOnlyForDeploymentPostprocessing = 0;
			shellPath = /bin/sh;
			shellScript = "\"${PODS_ROOT}/Target Support Files/Pods-Dashboard/Pods-Dashboard-frameworks.sh\"\n";
			showEnvVarsInLog = 0;
		};
/* End PBXShellScriptBuildPhase section */

/* Begin PBXSourcesBuildPhase section */
		91CE24D1240E2EE40014DA5F /* Sources */ = {
			isa = PBXSourcesBuildPhase;
			buildActionMask = 2147483647;
			files = (
				914FDB0B240F9F390029EB3E /* CarParkCell.swift in Sources */,
				91369B17240E84DC00135A30 /* UIView+RoundedCorners.swift in Sources */,
				914FDB1E240FC9820029EB3E /* UITableViewCell+Extension.swift in Sources */,
				914FDB04240F92BD0029EB3E /* LectureSectionHeader.swift in Sources */,
				91369B1A240E853900135A30 /* Constants.swift in Sources */,
				91CE2507240E366D0014DA5F /* ColorPalette.swift in Sources */,
				91369B12240E817D00135A30 /* ReusableView.swift in Sources */,
				91CE250C240E4EDC0014DA5F /* ShuttleBus.swift in Sources */,
				91CE251D240E69C70014DA5F /* LectureUseCase.swift in Sources */,
				913691C224130EA7002E45A1 /* Calendar+Difference.swift in Sources */,
				914FDB1A240FC6810029EB3E /* CarParkUseCase.swift in Sources */,
				91CE2505240E330D0014DA5F /* DashboardViewController.swift in Sources */,
				91CE2509240E37170014DA5F /* UIImage+Extension.swift in Sources */,
				91CE24D9240E2EE40014DA5F /* AppDelegate.swift in Sources */,
				91CE250E240E50290014DA5F /* CarPark.swift in Sources */,
				91CE251B240E62660014DA5F /* LectureCell.swift in Sources */,
				91CE2510240E504D0014DA5F /* Lecture.swift in Sources */,
				91CE2503240E312C0014DA5F /* GreetingView.swift in Sources */,
				914FDB18240FACF10029EB3E /* ShuttleBusCell.swift in Sources */,
				91CE2515240E60F20014DA5F /* DashboardViewModel.swift in Sources */,
				914FDB13240FA5EA0029EB3E /* CircleView.swift in Sources */,
				913691C024130BA2002E45A1 /* String+Time.swift in Sources */,
				913691BC2412582F002E45A1 /* FirebaseRepository.swift in Sources */,
				914FDB0F240FA2950029EB3E /* PlainTextSectionHeader.swift in Sources */,
				91CE2513240E51010014DA5F /* ShuttleBusUseCase.swift in Sources */,
				91CE2520240E6C9F0014DA5F /* UITableView+Dequeue.swift in Sources */,
			);
			runOnlyForDeploymentPostprocessing = 0;
		};
		91CE24E7240E2EE60014DA5F /* Sources */ = {
			isa = PBXSourcesBuildPhase;
			buildActionMask = 2147483647;
			files = (
				91EBB518241396E3003E091A /* LectureUseCaseSpec.swift in Sources */,
				91CE24F0240E2EE60014DA5F /* CalendarExtensionSpec.swift in Sources */,
				91EBB5102413967A003E091A /* StringExtensionSpec.swift in Sources */,
				91EBB516241396CF003E091A /* ShuttleBusUseCase.swift in Sources */,
				91EBB514241396AA003E091A /* CarParkUseCaseSpec.swift in Sources */,
				91EBB51A24139C9C003E091A /* StubRepository.swift in Sources */,
			);
			runOnlyForDeploymentPostprocessing = 0;
		};
/* End PBXSourcesBuildPhase section */

/* Begin PBXTargetDependency section */
		91CE24ED240E2EE60014DA5F /* PBXTargetDependency */ = {
			isa = PBXTargetDependency;
			target = 91CE24D4240E2EE40014DA5F /* Dashboard */;
			targetProxy = 91CE24EC240E2EE60014DA5F /* PBXContainerItemProxy */;
		};
/* End PBXTargetDependency section */

/* Begin PBXVariantGroup section */
		91CE24DE240E2EE40014DA5F /* Dashboard.storyboard */ = {
			isa = PBXVariantGroup;
			children = (
				91CE24DF240E2EE40014DA5F /* Base */,
			);
			name = Dashboard.storyboard;
			sourceTree = "<group>";
		};
		91CE24E3240E2EE50014DA5F /* LaunchScreen.storyboard */ = {
			isa = PBXVariantGroup;
			children = (
				91CE24E4240E2EE50014DA5F /* Base */,
			);
			name = LaunchScreen.storyboard;
			sourceTree = "<group>";
		};
/* End PBXVariantGroup section */

/* Begin XCBuildConfiguration section */
		91CE24F2240E2EE60014DA5F /* Debug */ = {
			isa = XCBuildConfiguration;
			buildSettings = {
				ALWAYS_SEARCH_USER_PATHS = NO;
				CLANG_ANALYZER_NONNULL = YES;
				CLANG_ANALYZER_NUMBER_OBJECT_CONVERSION = YES_AGGRESSIVE;
				CLANG_CXX_LANGUAGE_STANDARD = "gnu++14";
				CLANG_CXX_LIBRARY = "libc++";
				CLANG_ENABLE_MODULES = YES;
				CLANG_ENABLE_OBJC_ARC = YES;
				CLANG_ENABLE_OBJC_WEAK = YES;
				CLANG_WARN_BLOCK_CAPTURE_AUTORELEASING = YES;
				CLANG_WARN_BOOL_CONVERSION = YES;
				CLANG_WARN_COMMA = YES;
				CLANG_WARN_CONSTANT_CONVERSION = YES;
				CLANG_WARN_DEPRECATED_OBJC_IMPLEMENTATIONS = YES;
				CLANG_WARN_DIRECT_OBJC_ISA_USAGE = YES_ERROR;
				CLANG_WARN_DOCUMENTATION_COMMENTS = YES;
				CLANG_WARN_EMPTY_BODY = YES;
				CLANG_WARN_ENUM_CONVERSION = YES;
				CLANG_WARN_INFINITE_RECURSION = YES;
				CLANG_WARN_INT_CONVERSION = YES;
				CLANG_WARN_NON_LITERAL_NULL_CONVERSION = YES;
				CLANG_WARN_OBJC_IMPLICIT_RETAIN_SELF = YES;
				CLANG_WARN_OBJC_LITERAL_CONVERSION = YES;
				CLANG_WARN_OBJC_ROOT_CLASS = YES_ERROR;
				CLANG_WARN_RANGE_LOOP_ANALYSIS = YES;
				CLANG_WARN_STRICT_PROTOTYPES = YES;
				CLANG_WARN_SUSPICIOUS_MOVE = YES;
				CLANG_WARN_UNGUARDED_AVAILABILITY = YES_AGGRESSIVE;
				CLANG_WARN_UNREACHABLE_CODE = YES;
				CLANG_WARN__DUPLICATE_METHOD_MATCH = YES;
				COPY_PHASE_STRIP = NO;
				DEBUG_INFORMATION_FORMAT = dwarf;
				ENABLE_STRICT_OBJC_MSGSEND = YES;
				ENABLE_TESTABILITY = YES;
				GCC_C_LANGUAGE_STANDARD = gnu11;
				GCC_DYNAMIC_NO_PIC = NO;
				GCC_NO_COMMON_BLOCKS = YES;
				GCC_OPTIMIZATION_LEVEL = 0;
				GCC_PREPROCESSOR_DEFINITIONS = (
					"DEBUG=1",
					"$(inherited)",
				);
				GCC_WARN_64_TO_32_BIT_CONVERSION = YES;
				GCC_WARN_ABOUT_RETURN_TYPE = YES_ERROR;
				GCC_WARN_UNDECLARED_SELECTOR = YES;
				GCC_WARN_UNINITIALIZED_AUTOS = YES_AGGRESSIVE;
				GCC_WARN_UNUSED_FUNCTION = YES;
				GCC_WARN_UNUSED_VARIABLE = YES;
				IPHONEOS_DEPLOYMENT_TARGET = 12.0;
				MTL_ENABLE_DEBUG_INFO = INCLUDE_SOURCE;
				MTL_FAST_MATH = YES;
				ONLY_ACTIVE_ARCH = YES;
				SDKROOT = iphoneos;
				SWIFT_ACTIVE_COMPILATION_CONDITIONS = DEBUG;
				SWIFT_OPTIMIZATION_LEVEL = "-Onone";
			};
			name = Debug;
		};
		91CE24F3240E2EE60014DA5F /* Release */ = {
			isa = XCBuildConfiguration;
			buildSettings = {
				ALWAYS_SEARCH_USER_PATHS = NO;
				CLANG_ANALYZER_NONNULL = YES;
				CLANG_ANALYZER_NUMBER_OBJECT_CONVERSION = YES_AGGRESSIVE;
				CLANG_CXX_LANGUAGE_STANDARD = "gnu++14";
				CLANG_CXX_LIBRARY = "libc++";
				CLANG_ENABLE_MODULES = YES;
				CLANG_ENABLE_OBJC_ARC = YES;
				CLANG_ENABLE_OBJC_WEAK = YES;
				CLANG_WARN_BLOCK_CAPTURE_AUTORELEASING = YES;
				CLANG_WARN_BOOL_CONVERSION = YES;
				CLANG_WARN_COMMA = YES;
				CLANG_WARN_CONSTANT_CONVERSION = YES;
				CLANG_WARN_DEPRECATED_OBJC_IMPLEMENTATIONS = YES;
				CLANG_WARN_DIRECT_OBJC_ISA_USAGE = YES_ERROR;
				CLANG_WARN_DOCUMENTATION_COMMENTS = YES;
				CLANG_WARN_EMPTY_BODY = YES;
				CLANG_WARN_ENUM_CONVERSION = YES;
				CLANG_WARN_INFINITE_RECURSION = YES;
				CLANG_WARN_INT_CONVERSION = YES;
				CLANG_WARN_NON_LITERAL_NULL_CONVERSION = YES;
				CLANG_WARN_OBJC_IMPLICIT_RETAIN_SELF = YES;
				CLANG_WARN_OBJC_LITERAL_CONVERSION = YES;
				CLANG_WARN_OBJC_ROOT_CLASS = YES_ERROR;
				CLANG_WARN_RANGE_LOOP_ANALYSIS = YES;
				CLANG_WARN_STRICT_PROTOTYPES = YES;
				CLANG_WARN_SUSPICIOUS_MOVE = YES;
				CLANG_WARN_UNGUARDED_AVAILABILITY = YES_AGGRESSIVE;
				CLANG_WARN_UNREACHABLE_CODE = YES;
				CLANG_WARN__DUPLICATE_METHOD_MATCH = YES;
				COPY_PHASE_STRIP = NO;
				DEBUG_INFORMATION_FORMAT = "dwarf-with-dsym";
				ENABLE_NS_ASSERTIONS = NO;
				ENABLE_STRICT_OBJC_MSGSEND = YES;
				GCC_C_LANGUAGE_STANDARD = gnu11;
				GCC_NO_COMMON_BLOCKS = YES;
				GCC_WARN_64_TO_32_BIT_CONVERSION = YES;
				GCC_WARN_ABOUT_RETURN_TYPE = YES_ERROR;
				GCC_WARN_UNDECLARED_SELECTOR = YES;
				GCC_WARN_UNINITIALIZED_AUTOS = YES_AGGRESSIVE;
				GCC_WARN_UNUSED_FUNCTION = YES;
				GCC_WARN_UNUSED_VARIABLE = YES;
				IPHONEOS_DEPLOYMENT_TARGET = 12.0;
				MTL_ENABLE_DEBUG_INFO = NO;
				MTL_FAST_MATH = YES;
				SDKROOT = iphoneos;
				SWIFT_COMPILATION_MODE = wholemodule;
				SWIFT_OPTIMIZATION_LEVEL = "-O";
				VALIDATE_PRODUCT = YES;
			};
			name = Release;
		};
		91CE24F5240E2EE60014DA5F /* Debug */ = {
			isa = XCBuildConfiguration;
			baseConfigurationReference = AB95817EB98BCC0E76C03803 /* Pods-Dashboard.debug.xcconfig */;
			buildSettings = {
				ASSETCATALOG_COMPILER_APPICON_NAME = AppIcon;
				CODE_SIGN_STYLE = Automatic;
				DEVELOPMENT_TEAM = SAM3W8FL97;
				INFOPLIST_FILE = Dashboard/Info.plist;
				IPHONEOS_DEPLOYMENT_TARGET = 12.0;
				LD_RUNPATH_SEARCH_PATHS = (
					"$(inherited)",
					"@executable_path/Frameworks",
				);
				PRODUCT_BUNDLE_IDENTIFIER = monash.Dashboard;
				PRODUCT_NAME = "$(TARGET_NAME)";
				SWIFT_VERSION = 5.0;
				TARGETED_DEVICE_FAMILY = "1,2";
			};
			name = Debug;
		};
		91CE24F6240E2EE60014DA5F /* Release */ = {
			isa = XCBuildConfiguration;
			baseConfigurationReference = 27AEDDA567A7C07BE098A173 /* Pods-Dashboard.release.xcconfig */;
			buildSettings = {
				ASSETCATALOG_COMPILER_APPICON_NAME = AppIcon;
				CODE_SIGN_STYLE = Automatic;
				DEVELOPMENT_TEAM = SAM3W8FL97;
				INFOPLIST_FILE = Dashboard/Info.plist;
				IPHONEOS_DEPLOYMENT_TARGET = 12.0;
				LD_RUNPATH_SEARCH_PATHS = (
					"$(inherited)",
					"@executable_path/Frameworks",
				);
				PRODUCT_BUNDLE_IDENTIFIER = monash.Dashboard;
				PRODUCT_NAME = "$(TARGET_NAME)";
				SWIFT_VERSION = 5.0;
				TARGETED_DEVICE_FAMILY = "1,2";
			};
			name = Release;
		};
		91CE24F8240E2EE60014DA5F /* Debug */ = {
			isa = XCBuildConfiguration;
			baseConfigurationReference = 2E6CBCB5FBE5767AA59D852E /* Pods-Dashboard-DashboardTests.debug.xcconfig */;
			buildSettings = {
				ALWAYS_EMBED_SWIFT_STANDARD_LIBRARIES = YES;
				BUNDLE_LOADER = "$(TEST_HOST)";
				CODE_SIGN_STYLE = Automatic;
				DEVELOPMENT_TEAM = SAM3W8FL97;
				INFOPLIST_FILE = DashboardTests/Info.plist;
				IPHONEOS_DEPLOYMENT_TARGET = 12.0;
				LD_RUNPATH_SEARCH_PATHS = (
					"$(inherited)",
					"@executable_path/Frameworks",
					"@loader_path/Frameworks",
				);
				PRODUCT_BUNDLE_IDENTIFIER = monash.DashboardTests;
				PRODUCT_NAME = "$(TARGET_NAME)";
				SWIFT_VERSION = 5.0;
				TARGETED_DEVICE_FAMILY = "1,2";
				TEST_HOST = "$(BUILT_PRODUCTS_DIR)/Dashboard.app/Dashboard";
			};
			name = Debug;
		};
		91CE24F9240E2EE60014DA5F /* Release */ = {
			isa = XCBuildConfiguration;
			baseConfigurationReference = 876967BC54F0F2ABFD38D467 /* Pods-Dashboard-DashboardTests.release.xcconfig */;
			buildSettings = {
				ALWAYS_EMBED_SWIFT_STANDARD_LIBRARIES = YES;
				BUNDLE_LOADER = "$(TEST_HOST)";
				CODE_SIGN_STYLE = Automatic;
				DEVELOPMENT_TEAM = SAM3W8FL97;
				INFOPLIST_FILE = DashboardTests/Info.plist;
				IPHONEOS_DEPLOYMENT_TARGET = 12.0;
				LD_RUNPATH_SEARCH_PATHS = (
					"$(inherited)",
					"@executable_path/Frameworks",
					"@loader_path/Frameworks",
				);
				PRODUCT_BUNDLE_IDENTIFIER = monash.DashboardTests;
				PRODUCT_NAME = "$(TARGET_NAME)";
				SWIFT_VERSION = 5.0;
				TARGETED_DEVICE_FAMILY = "1,2";
				TEST_HOST = "$(BUILT_PRODUCTS_DIR)/Dashboard.app/Dashboard";
			};
			name = Release;
		};
/* End XCBuildConfiguration section */

/* Begin XCConfigurationList section */
		91CE24D0240E2EE40014DA5F /* Build configuration list for PBXProject "Dashboard" */ = {
			isa = XCConfigurationList;
			buildConfigurations = (
				91CE24F2240E2EE60014DA5F /* Debug */,
				91CE24F3240E2EE60014DA5F /* Release */,
			);
			defaultConfigurationIsVisible = 0;
			defaultConfigurationName = Release;
		};
		91CE24F4240E2EE60014DA5F /* Build configuration list for PBXNativeTarget "Dashboard" */ = {
			isa = XCConfigurationList;
			buildConfigurations = (
				91CE24F5240E2EE60014DA5F /* Debug */,
				91CE24F6240E2EE60014DA5F /* Release */,
			);
			defaultConfigurationIsVisible = 0;
			defaultConfigurationName = Release;
		};
		91CE24F7240E2EE60014DA5F /* Build configuration list for PBXNativeTarget "DashboardTests" */ = {
			isa = XCConfigurationList;
			buildConfigurations = (
				91CE24F8240E2EE60014DA5F /* Debug */,
				91CE24F9240E2EE60014DA5F /* Release */,
			);
			defaultConfigurationIsVisible = 0;
			defaultConfigurationName = Release;
		};
/* End XCConfigurationList section */
	};
	rootObject = 91CE24CD240E2EE40014DA5F /* Project object */;
}
